hash: 6d7dbe176160cdad6fa45ac382e9e749742ac29ad286bdf9eba702eaac25c6d0
updated: 2016-06-22T13:11:21.237176201-06:00
imports:
- name: github.com/nats-io/nats
  version: ce9cdc9addff268b4b75b72f7b6dcca012954c6a
- name: github.com/urfave/cli
  version: 4205e9c4ee9672a8df5bb4fe486a8aa07e1e4037
devImports: []
